// !$*UTF8*$!
{
	archiveVersion = 1;
	classes = {
	};
	objectVersion = 46;
	objects = {

/* Begin PBXBuildFile section */
		00ABAC3A187E33160082D5A1 /* Foundation.framework in Frameworks */ = {isa = PBXBuildFile; fileRef = 00ABAC39187E33160082D5A1 /* Foundation.framework */; };
		00ABAC3C187E33160082D5A1 /* CoreGraphics.framework in Frameworks */ = {isa = PBXBuildFile; fileRef = 00ABAC3B187E33160082D5A1 /* CoreGraphics.framework */; };
		00ABAC3E187E33160082D5A1 /* UIKit.framework in Frameworks */ = {isa = PBXBuildFile; fileRef = 00ABAC3D187E33160082D5A1 /* UIKit.framework */; };
		00ABAC44187E33160082D5A1 /* InfoPlist.strings in Resources */ = {isa = PBXBuildFile; fileRef = 00ABAC42187E33160082D5A1 /* InfoPlist.strings */; };
		00ABAC46187E33160082D5A1 /* main.m in Sources */ = {isa = PBXBuildFile; fileRef = 00ABAC45187E33160082D5A1 /* main.m */; };
		00ABAC4A187E33160082D5A1 /* AppDelegate.m in Sources */ = {isa = PBXBuildFile; fileRef = 00ABAC49187E33160082D5A1 /* AppDelegate.m */; };
		00ABAC4D187E33160082D5A1 /* Main.storyboard in Resources */ = {isa = PBXBuildFile; fileRef = 00ABAC4B187E33160082D5A1 /* Main.storyboard */; };
		00ABAC50187E33160082D5A1 /* ViewController.m in Sources */ = {isa = PBXBuildFile; fileRef = 00ABAC4F187E33160082D5A1 /* ViewController.m */; };
		00ABAC52187E33160082D5A1 /* Images.xcassets in Resources */ = {isa = PBXBuildFile; fileRef = 00ABAC51187E33160082D5A1 /* Images.xcassets */; };
		00ABAC59187E33170082D5A1 /* XCTest.framework in Frameworks */ = {isa = PBXBuildFile; fileRef = 00ABAC58187E33170082D5A1 /* XCTest.framework */; };
		00ABAC5A187E33170082D5A1 /* Foundation.framework in Frameworks */ = {isa = PBXBuildFile; fileRef = 00ABAC39187E33160082D5A1 /* Foundation.framework */; };
		00ABAC5B187E33170082D5A1 /* UIKit.framework in Frameworks */ = {isa = PBXBuildFile; fileRef = 00ABAC3D187E33160082D5A1 /* UIKit.framework */; };
		00ABAC63187E33170082D5A1 /* InfoPlist.strings in Resources */ = {isa = PBXBuildFile; fileRef = 00ABAC61187E33170082D5A1 /* InfoPlist.strings */; };
		00ABAC65187E33170082D5A1 /* MVCTestTests.m in Sources */ = {isa = PBXBuildFile; fileRef = 00ABAC64187E33170082D5A1 /* MVCTestTests.m */; };
		00ABAC70187E339C0082D5A1 /* Model.m in Sources */ = {isa = PBXBuildFile; fileRef = 00ABAC6F187E339C0082D5A1 /* Model.m */; };
/* End PBXBuildFile section */

/* Begin PBXContainerItemProxy section */
		00ABAC5C187E33170082D5A1 /* PBXContainerItemProxy */ = {
			isa = PBXContainerItemProxy;
			containerPortal = 00ABAC2E187E33160082D5A1 /* Project object */;
			proxyType = 1;
			remoteGlobalIDString = 00ABAC35187E33160082D5A1;
			remoteInfo = MVCTest;
		};
/* End PBXContainerItemProxy section */

/* Begin PBXFileReference section */
		00ABAC36187E33160082D5A1 /* MVCTest.app */ = {isa = PBXFileReference; explicitFileType = wrapper.application; includeInIndex = 0; path = MVCTest.app; sourceTree = BUILT_PRODUCTS_DIR; };
		00ABAC39187E33160082D5A1 /* Foundation.framework */ = {isa = PBXFileReference; lastKnownFileType = wrapper.framework; name = Foundation.framework; path = System/Library/Frameworks/Foundation.framework; sourceTree = SDKROOT; };
		00ABAC3B187E33160082D5A1 /* CoreGraphics.framework */ = {isa = PBXFileReference; lastKnownFileType = wrapper.framework; name = CoreGraphics.framework; path = System/Library/Frameworks/CoreGraphics.framework; sourceTree = SDKROOT; };
		00ABAC3D187E33160082D5A1 /* UIKit.framework */ = {isa = PBXFileReference; lastKnownFileType = wrapper.framework; name = UIKit.framework; path = System/Library/Frameworks/UIKit.framework; sourceTree = SDKROOT; };
		00ABAC41187E33160082D5A1 /* MVCTest-Info.plist */ = {isa = PBXFileReference; lastKnownFileType = text.plist.xml; path = "MVCTest-Info.plist"; sourceTree = "<group>"; };
		00ABAC43187E33160082D5A1 /* en */ = {isa = PBXFileReference; lastKnownFileType = text.plist.strings; name = en; path = en.lproj/InfoPlist.strings; sourceTree = "<group>"; };
		00ABAC45187E33160082D5A1 /* main.m */ = {isa = PBXFileReference; lastKnownFileType = sourcecode.c.objc; path = main.m; sourceTree = "<group>"; };
		00ABAC47187E33160082D5A1 /* MVCTest-Prefix.pch */ = {isa = PBXFileReference; lastKnownFileType = sourcecode.c.h; path = "MVCTest-Prefix.pch"; sourceTree = "<group>"; };
		00ABAC48187E33160082D5A1 /* AppDelegate.h */ = {isa = PBXFileReference; lastKnownFileType = sourcecode.c.h; path = AppDelegate.h; sourceTree = "<group>"; };
		00ABAC49187E33160082D5A1 /* AppDelegate.m */ = {isa = PBXFileReference; lastKnownFileType = sourcecode.c.objc; path = AppDelegate.m; sourceTree = "<group>"; };
		00ABAC4C187E33160082D5A1 /* Base */ = {isa = PBXFileReference; lastKnownFileType = file.storyboard; name = Base; path = Base.lproj/Main.storyboard; sourceTree = "<group>"; };
		00ABAC4E187E33160082D5A1 /* ViewController.h */ = {isa = PBXFileReference; lastKnownFileType = sourcecode.c.h; path = ViewController.h; sourceTree = "<group>"; };
		00ABAC4F187E33160082D5A1 /* ViewController.m */ = {isa = PBXFileReference; lastKnownFileType = sourcecode.c.objc; path = ViewController.m; sourceTree = "<group>"; };
		00ABAC51187E33160082D5A1 /* Images.xcassets */ = {isa = PBXFileReference; lastKnownFileType = folder.assetcatalog; path = Images.xcassets; sourceTree = "<group>"; };
		00ABAC57187E33170082D5A1 /* MVCTestTests.xctest */ = {isa = PBXFileReference; explicitFileType = wrapper.cfbundle; includeInIndex = 0; path = MVCTestTests.xctest; sourceTree = BUILT_PRODUCTS_DIR; };
		00ABAC58187E33170082D5A1 /* XCTest.framework */ = {isa = PBXFileReference; lastKnownFileType = wrapper.framework; name = XCTest.framework; path = Library/Frameworks/XCTest.framework; sourceTree = DEVELOPER_DIR; };
		00ABAC60187E33170082D5A1 /* MVCTestTests-Info.plist */ = {isa = PBXFileReference; lastKnownFileType = text.plist.xml; path = "MVCTestTests-Info.plist"; sourceTree = "<group>"; };
		00ABAC62187E33170082D5A1 /* en */ = {isa = PBXFileReference; lastKnownFileType = text.plist.strings; name = en; path = en.lproj/InfoPlist.strings; sourceTree = "<group>"; };
		00ABAC64187E33170082D5A1 /* MVCTestTests.m */ = {isa = PBXFileReference; lastKnownFileType = sourcecode.c.objc; path = MVCTestTests.m; sourceTree = "<group>"; };
		00ABAC6E187E339C0082D5A1 /* Model.h */ = {isa = PBXFileReference; fileEncoding = 4; lastKnownFileType = sourcecode.c.h; path = Model.h; sourceTree = "<group>"; };
		00ABAC6F187E339C0082D5A1 /* Model.m */ = {isa = PBXFileReference; fileEncoding = 4; lastKnownFileType = sourcecode.c.objc; path = Model.m; sourceTree = "<group>"; };
/* End PBXFileReference section */

/* Begin PBXFrameworksBuildPhase section */
		00ABAC33187E33160082D5A1 /* Frameworks */ = {
			isa = PBXFrameworksBuildPhase;
			buildActionMask = 2147483647;
			files = (
				00ABAC3C187E33160082D5A1 /* CoreGraphics.framework in Frameworks */,
				00ABAC3E187E33160082D5A1 /* UIKit.framework in Frameworks */,
				00ABAC3A187E33160082D5A1 /* Foundation.framework in Frameworks */,
			);
			runOnlyForDeploymentPostprocessing = 0;
		};
		00ABAC54187E33170082D5A1 /* Frameworks */ = {
			isa = PBXFrameworksBuildPhase;
			buildActionMask = 2147483647;
			files = (
				00ABAC59187E33170082D5A1 /* XCTest.framework in Frameworks */,
				00ABAC5B187E33170082D5A1 /* UIKit.framework in Frameworks */,
				00ABAC5A187E33170082D5A1 /* Foundation.framework in Frameworks */,
			);
			runOnlyForDeploymentPostprocessing = 0;
		};
/* End PBXFrameworksBuildPhase section */

/* Begin PBXGroup section */
		00ABAC2D187E33160082D5A1 = {
			isa = PBXGroup;
			children = (
				00ABAC3F187E33160082D5A1 /* MVCTest */,
				00ABAC5E187E33170082D5A1 /* MVCTestTests */,
				00ABAC38187E33160082D5A1 /* Frameworks */,
				00ABAC37187E33160082D5A1 /* Products */,
			);
			sourceTree = "<group>";
		};
		00ABAC37187E33160082D5A1 /* Products */ = {
			isa = PBXGroup;
			children = (
				00ABAC36187E33160082D5A1 /* MVCTest.app */,
				00ABAC57187E33170082D5A1 /* MVCTestTests.xctest */,
			);
			name = Products;
			sourceTree = "<group>";
		};
		00ABAC38187E33160082D5A1 /* Frameworks */ = {
			isa = PBXGroup;
			children = (
				00ABAC39187E33160082D5A1 /* Foundation.framework */,
				00ABAC3B187E33160082D5A1 /* CoreGraphics.framework */,
				00ABAC3D187E33160082D5A1 /* UIKit.framework */,
				00ABAC58187E33170082D5A1 /* XCTest.framework */,
			);
			name = Frameworks;
			sourceTree = "<group>";
		};
		00ABAC3F187E33160082D5A1 /* MVCTest */ = {
			isa = PBXGroup;
			children = (
				00ABAC48187E33160082D5A1 /* AppDelegate.h */,
				00ABAC49187E33160082D5A1 /* AppDelegate.m */,
				00ABAC4B187E33160082D5A1 /* Main.storyboard */,
				00ABAC4E187E33160082D5A1 /* ViewController.h */,
				00ABAC4F187E33160082D5A1 /* ViewController.m */,
				00ABAC51187E33160082D5A1 /* Images.xcassets */,
				00ABAC40187E33160082D5A1 /* Supporting Files */,
				00ABAC6E187E339C0082D5A1 /* Model.h */,
				00ABAC6F187E339C0082D5A1 /* Model.m */,
			);
			path = MVCTest;
			sourceTree = "<group>";
		};
		00ABAC40187E33160082D5A1 /* Supporting Files */ = {
			isa = PBXGroup;
			children = (
				00ABAC41187E33160082D5A1 /* MVCTest-Info.plist */,
				00ABAC42187E33160082D5A1 /* InfoPlist.strings */,
				00ABAC45187E33160082D5A1 /* main.m */,
				00ABAC47187E33160082D5A1 /* MVCTest-Prefix.pch */,
			);
			name = "Supporting Files";
			sourceTree = "<group>";
		};
		00ABAC5E187E33170082D5A1 /* MVCTestTests */ = {
			isa = PBXGroup;
			children = (
				00ABAC64187E33170082D5A1 /* MVCTestTests.m */,
				00ABAC5F187E33170082D5A1 /* Supporting Files */,
			);
			path = MVCTestTests;
			sourceTree = "<group>";
		};
		00ABAC5F187E33170082D5A1 /* Supporting Files */ = {
			isa = PBXGroup;
			children = (
				00ABAC60187E33170082D5A1 /* MVCTestTests-Info.plist */,
				00ABAC61187E33170082D5A1 /* InfoPlist.strings */,
			);
			name = "Supporting Files";
			sourceTree = "<group>";
		};
/* End PBXGroup section */

/* Begin PBXNativeTarget section */
		00ABAC35187E33160082D5A1 /* MVCTest */ = {
			isa = PBXNativeTarget;
			buildConfigurationList = 00ABAC68187E33170082D5A1 /* Build configuration list for PBXNativeTarget "MVCTest" */;
			buildPhases = (
				00ABAC32187E33160082D5A1 /* Sources */,
				00ABAC33187E33160082D5A1 /* Frameworks */,
				00ABAC34187E33160082D5A1 /* Resources */,
			);
			buildRules = (
			);
			dependencies = (
			);
			name = MVCTest;
			productName = MVCTest;
			productReference = 00ABAC36187E33160082D5A1 /* MVCTest.app */;
			productType = "com.apple.product-type.application";
		};
		00ABAC56187E33170082D5A1 /* MVCTestTests */ = {
			isa = PBXNativeTarget;
			buildConfigurationList = 00ABAC6B187E33170082D5A1 /* Build configuration list for PBXNativeTarget "MVCTestTests" */;
			buildPhases = (
				00ABAC53187E33170082D5A1 /* Sources */,
				00ABAC54187E33170082D5A1 /* Frameworks */,
				00ABAC55187E33170082D5A1 /* Resources */,
			);
			buildRules = (
			);
			dependencies = (
				00ABAC5D187E33170082D5A1 /* PBXTargetDependency */,
			);
			name = MVCTestTests;
			productName = MVCTestTests;
			productReference = 00ABAC57187E33170082D5A1 /* MVCTestTests.xctest */;
			productType = "com.apple.product-type.bundle.unit-test";
		};
/* End PBXNativeTarget section */

/* Begin PBXProject section */
		00ABAC2E187E33160082D5A1 /* Project object */ = {
			isa = PBXProject;
			attributes = {
				LastUpgradeCheck = 0500;
				ORGANIZATIONNAME = "SDT-1";
				TargetAttributes = {
					00ABAC56187E33170082D5A1 = {
						TestTargetID = 00ABAC35187E33160082D5A1;
					};
				};
			};
			buildConfigurationList = 00ABAC31187E33160082D5A1 /* Build configuration list for PBXProject "MVCTest" */;
			compatibilityVersion = "Xcode 3.2";
			developmentRegion = English;
			hasScannedForEncodings = 0;
			knownRegions = (
				en,
				Base,
			);
			mainGroup = 00ABAC2D187E33160082D5A1;
			productRefGroup = 00ABAC37187E33160082D5A1 /* Products */;
			projectDirPath = "";
			projectRoot = "";
			targets = (
				00ABAC35187E33160082D5A1 /* MVCTest */,
				00ABAC56187E33170082D5A1 /* MVCTestTests */,
			);
		};
/* End PBXProject section */

/* Begin PBXResourcesBuildPhase section */
		00ABAC34187E33160082D5A1 /* Resources */ = {
			isa = PBXResourcesBuildPhase;
			buildActionMask = 2147483647;
			files = (
				00ABAC52187E33160082D5A1 /* Images.xcassets in Resources */,
				00ABAC44187E33160082D5A1 /* InfoPlist.strings in Resources */,
				00ABAC4D187E33160082D5A1 /* Main.storyboard in Resources */,
			);
			runOnlyForDeploymentPostprocessing = 0;
		};
		00ABAC55187E33170082D5A1 /* Resources */ = {
			isa = PBXResourcesBuildPhase;
			buildActionMask = 2147483647;
			files = (
				00ABAC63187E33170082D5A1 /* InfoPlist.strings in Resources */,
			);
			runOnlyForDeploymentPostprocessing = 0;
		};
/* End PBXResourcesBuildPhase section */

/* Begin PBXSourcesBuildPhase section */
		00ABAC32187E33160082D5A1 /* Sources */ = {
			isa = PBXSourcesBuildPhase;
			buildActionMask = 2147483647;
			files = (
				00ABAC50187E33160082D5A1 /* ViewController.m in Sources */,
				00ABAC4A187E33160082D5A1 /* AppDelegate.m in Sources */,
				00ABAC46187E33160082D5A1 /* main.m in Sources */,
				00ABAC70187E339C0082D5A1 /* Model.m in Sources */,
			);
			runOnlyForDeploymentPostprocessing = 0;
		};
		00ABAC53187E33170082D5A1 /* Sources */ = {
			isa = PBXSourcesBuildPhase;
			buildActionMask = 2147483647;
			files = (
				00ABAC65187E33170082D5A1 /* MVCTestTests.m in Sources */,
			);
			runOnlyForDeploymentPostprocessing = 0;
		};
/* End PBXSourcesBuildPhase section */

/* Begin PBXTargetDependency section */
		00ABAC5D187E33170082D5A1 /* PBXTargetDependency */ = {
			isa = PBXTargetDependency;
			target = 00ABAC35187E33160082D5A1 /* MVCTest */;
			targetProxy = 00ABAC5C187E33170082D5A1 /* PBXContainerItemProxy */;
		};
/* End PBXTargetDependency section */

/* Begin PBXVariantGroup section */
		00ABAC42187E33160082D5A1 /* InfoPlist.strings */ = {
			isa = PBXVariantGroup;
			children = (
				00ABAC43187E33160082D5A1 /* en */,
			);
			name = InfoPlist.strings;
			sourceTree = "<group>";
		};
		00ABAC4B187E33160082D5A1 /* Main.storyboard */ = {
			isa = PBXVariantGroup;
			children = (
				00ABAC4C187E33160082D5A1 /* Base */,
			);
			name = Main.storyboard;
			sourceTree = "<group>";
		};
		00ABAC61187E33170082D5A1 /* InfoPlist.strings */ = {
			isa = PBXVariantGroup;
			children = (
				00ABAC62187E33170082D5A1 /* en */,
			);
			name = InfoPlist.strings;
			sourceTree = "<group>";
		};
/* End PBXVariantGroup section */

/* Begin XCBuildConfiguration section */
		00ABAC66187E33170082D5A1 /* Debug */ = {
			isa = XCBuildConfiguration;
			buildSettings = {
				ALWAYS_SEARCH_USER_PATHS = NO;
				ARCHS = "$(ARCHS_STANDARD_INCLUDING_64_BIT)";
				CLANG_CXX_LANGUAGE_STANDARD = "gnu++0x";
				CLANG_CXX_LIBRARY = "libc++";
				CLANG_ENABLE_MODULES = YES;
				CLANG_ENABLE_OBJC_ARC = YES;
				CLANG_WARN_BOOL_CONVERSION = YES;
				CLANG_WARN_CONSTANT_CONVERSION = YES;
				CLANG_WARN_DIRECT_OBJC_ISA_USAGE = YES_ERROR;
				CLANG_WARN_EMPTY_BODY = YES;
				CLANG_WARN_ENUM_CONVERSION = YES;
				CLANG_WARN_INT_CONVERSION = YES;
				CLANG_WARN_OBJC_ROOT_CLASS = YES_ERROR;
				CLANG_WARN__DUPLICATE_METHOD_MATCH = YES;
				"CODE_SIGN_IDENTITY[sdk=iphoneos*]" = "iPhone Developer";
				COPY_PHASE_STRIP = NO;
				GCC_C_LANGUAGE_STANDARD = gnu99;
				GCC_DYNAMIC_NO_PIC = NO;
				GCC_OPTIMIZATION_LEVEL = 0;
				GCC_PREPROCESSOR_DEFINITIONS = (
					"DEBUG=1",
					"$(inherited)",
				);
				GCC_SYMBOLS_PRIVATE_EXTERN = NO;
				GCC_WARN_64_TO_32_BIT_CONVERSION = YES;
				GCC_WARN_ABOUT_RETURN_TYPE = YES_ERROR;
				GCC_WARN_UNDECLARED_SELECTOR = YES;
				GCC_WARN_UNINITIALIZED_AUTOS = YES;
				GCC_WARN_UNUSED_FUNCTION = YES;
				GCC_WARN_UNUSED_VARIABLE = YES;
				IPHONEOS_DEPLOYMENT_TARGET = 7.0;
				ONLY_ACTIVE_ARCH = YES;
				SDKROOT = iphoneos;
			};
			name = Debug;
		};
		00ABAC67187E33170082D5A1 /* Release */ = {
			isa = XCBuildConfiguration;
			buildSettings = {
				ALWAYS_SEARCH_USER_PATHS = NO;
				ARCHS = "$(ARCHS_STANDARD_INCLUDING_64_BIT)";
				CLANG_CXX_LANGUAGE_STANDARD = "gnu++0x";
				CLANG_CXX_LIBRARY = "libc++";
				CLANG_ENABLE_MODULES = YES;
				CLANG_ENABLE_OBJC_ARC = YES;
				CLANG_WARN_BOOL_CONVERSION = YES;
				CLANG_WARN_CONSTANT_CONVERSION = YES;
				CLANG_WARN_DIRECT_OBJC_ISA_USAGE = YES_ERROR;
				CLANG_WARN_EMPTY_BODY = YES;
				CLANG_WARN_ENUM_CONVERSION = YES;
				CLANG_WARN_INT_CONVERSION = YES;
				CLANG_WARN_OBJC_ROOT_CLASS = YES_ERROR;
				CLANG_WARN__DUPLICATE_METHOD_MATCH = YES;
				"CODE_SIGN_IDENTITY[sdk=iphoneos*]" = "iPhone Developer";
				COPY_PHASE_STRIP = YES;
				ENABLE_NS_ASSERTIONS = NO;
				GCC_C_LANGUAGE_STANDARD = gnu99;
				GCC_WARN_64_TO_32_BIT_CONVERSION = YES;
				GCC_WARN_ABOUT_RETURN_TYPE = YES_ERROR;
				GCC_WARN_UNDECLARED_SELECTOR = YES;
				GCC_WARN_UNINITIALIZED_AUTOS = YES;
				GCC_WARN_UNUSED_FUNCTION = YES;
				GCC_WARN_UNUSED_VARIABLE = YES;
				IPHONEOS_DEPLOYMENT_TARGET = 7.0;
				SDKROOT = iphoneos;
				VALIDATE_PRODUCT = YES;
			};
			name = Release;
		};
		00ABAC69187E33170082D5A1 /* Debug */ = {
			isa = XCBuildConfiguration;
			buildSettings = {
				ASSETCATALOG_COMPILER_APPICON_NAME = AppIcon;
				ASSETCATALOG_COMPILER_LAUNCHIMAGE_NAME = LaunchImage;
				GCC_PRECOMPILE_PREFIX_HEADER = YES;
				GCC_PREFIX_HEADER = "MVCTest/MVCTest-Prefix.pch";
				INFOPLIST_FILE = "MVCTest/MVCTest-Info.plist";
				PRODUCT_NAME = "$(TARGET_NAME)";
				WRAPPER_EXTENSION = app;
			};
			name = Debug;
		};
		00ABAC6A187E33170082D5A1 /* Release */ = {
			isa = XCBuildConfiguration;
			buildSettings = {
				ASSETCATALOG_COMPILER_APPICON_NAME = AppIcon;
				ASSETCATALOG_COMPILER_LAUNCHIMAGE_NAME = LaunchImage;
				GCC_PRECOMPILE_PREFIX_HEADER = YES;
				GCC_PREFIX_HEADER = "MVCTest/MVCTest-Prefix.pch";
				INFOPLIST_FILE = "MVCTest/MVCTest-Info.plist";
				PRODUCT_NAME = "$(TARGET_NAME)";
				WRAPPER_EXTENSION = app;
			};
			name = Release;
		};
		00ABAC6C187E33170082D5A1 /* Debug */ = {
			isa = XCBuildConfiguration;
			buildSettings = {
				ARCHS = "$(ARCHS_STANDARD_INCLUDING_64_BIT)";
				BUNDLE_LOADER = "$(BUILT_PRODUCTS_DIR)/MVCTest.app/MVCTest";
				FRAMEWORK_SEARCH_PATHS = (
					"$(SDKROOT)/Developer/Library/Frameworks",
					"$(inherited)",
					"$(DEVELOPER_FRAMEWORKS_DIR)",
				);
				GCC_PRECOMPILE_PREFIX_HEADER = YES;
				GCC_PREFIX_HEADER = "MVCTest/MVCTest-Prefix.pch";
				GCC_PREPROCESSOR_DEFINITIONS = (
					"DEBUG=1",
					"$(inherited)",
				);
				INFOPLIST_FILE = "MVCTestTests/MVCTestTests-Info.plist";
				PRODUCT_NAME = "$(TARGET_NAME)";
				TEST_HOST = "$(BUNDLE_LOADER)";
				WRAPPER_EXTENSION = xctest;
			};
			name = Debug;
		};
		00ABAC6D187E33170082D5A1 /* Release */ = {
			isa = XCBuildConfiguration;
			buildSettings = {
				ARCHS = "$(ARCHS_STANDARD_INCLUDING_64_BIT)";
				BUNDLE_LOADER = "$(BUILT_PRODUCTS_DIR)/MVCTest.app/MVCTest";
				FRAMEWORK_SEARCH_PATHS = (
					"$(SDKROOT)/Developer/Library/Frameworks",
					"$(inherited)",
					"$(DEVELOPER_FRAMEWORKS_DIR)",
				);
				GCC_PRECOMPILE_PREFIX_HEADER = YES;
				GCC_PREFIX_HEADER = "MVCTest/MVCTest-Prefix.pch";
				INFOPLIST_FILE = "MVCTestTests/MVCTestTests-Info.plist";
				PRODUCT_NAME = "$(TARGET_NAME)";
				TEST_HOST = "$(BUNDLE_LOADER)";
				WRAPPER_EXTENSION = xctest;
			};
			name = Release;
		};
/* End XCBuildConfiguration section */

/* Begin XCConfigurationList section */
		00ABAC31187E33160082D5A1 /* Build configuration list for PBXProject "MVCTest" */ = {
			isa = XCConfigurationList;
			buildConfigurations = (
				00ABAC66187E33170082D5A1 /* Debug */,
				00ABAC67187E33170082D5A1 /* Release */,
			);
			defaultConfigurationIsVisible = 0;
			defaultConfigurationName = Release;
		};
		00ABAC68187E33170082D5A1 /* Build configuration list for PBXNativeTarget "MVCTest" */ = {
			isa = XCConfigurationList;
			buildConfigurations = (
				00ABAC69187E33170082D5A1 /* Debug */,
				00ABAC6A187E33170082D5A1 /* Release */,
			);
			defaultConfigurationIsVisible = 0;
		};
		00ABAC6B187E33170082D5A1 /* Build configuration list for PBXNativeTarget "MVCTestTests" */ = {
			isa = XCConfigurationList;
			buildConfigurations = (
				00ABAC6C187E33170082D5A1 /* Debug */,
				00ABAC6D187E33170082D5A1 /* Release */,
			);
			defaultConfigurationIsVisible = 0;
		};
/* End XCConfigurationList section */
	};
	rootObject = 00ABAC2E187E33160082D5A1 /* Project object */;
}
